// !$*UTF8*$!
{
	archiveVersion = 1;
	classes = {
	};
	objectVersion = 45;
	objects = {

/* Begin PBXBuildFile section */
		AA747D9F0F9514B9006C5449 /* TTResource_Prefix.pch in Headers */ = {isa = PBXBuildFile; fileRef = AA747D9E0F9514B9006C5449 /* TTResource_Prefix.pch */; };
		AACBBE4A0F95108600F1A2B1 /* Foundation.framework in Frameworks */ = {isa = PBXBuildFile; fileRef = AACBBE490F95108600F1A2B1 /* Foundation.framework */; };
		D0A6C5591097448F00FAA706 /* libThree20.a in Frameworks */ = {isa = PBXBuildFile; fileRef = D0A6C5561097446900FAA706 /* libThree20.a */; };
		D0A6C55D109744BD00FAA706 /* QuartzCore.framework in Frameworks */ = {isa = PBXBuildFile; fileRef = D0A6C55C109744BD00FAA706 /* QuartzCore.framework */; };
		D0A6C5741097463200FAA706 /* NSObject+TTResourceTests.m in Sources */ = {isa = PBXBuildFile; fileRef = D0A6C5731097463200FAA706 /* NSObject+TTResourceTests.m */; };
		D0DD201C10974B6C00BBB778 /* NSObject+SBJSON.m in Sources */ = {isa = PBXBuildFile; fileRef = D0DD1FE110974B6C00BBB778 /* NSObject+SBJSON.m */; };
		D0DD201D10974B6C00BBB778 /* NSString+SBJSON.m in Sources */ = {isa = PBXBuildFile; fileRef = D0DD1FE310974B6C00BBB778 /* NSString+SBJSON.m */; };
		D0DD201E10974B6C00BBB778 /* SBJSON.m in Sources */ = {isa = PBXBuildFile; fileRef = D0DD1FE510974B6C00BBB778 /* SBJSON.m */; };
		D0DD201F10974B6C00BBB778 /* NSString+InflectionSupport.m in Sources */ = {isa = PBXBuildFile; fileRef = D0DD1FEA10974B6C00BBB778 /* NSString+InflectionSupport.m */; };
		D0DD202010974B6C00BBB778 /* NSData+Additions.m in Sources */ = {isa = PBXBuildFile; fileRef = D0DD1FEC10974B6C00BBB778 /* NSData+Additions.m */; };
		D0DD202110974B6C00BBB778 /* NSObject+PropertySupport.m in Sources */ = {isa = PBXBuildFile; fileRef = D0DD1FEE10974B6C00BBB778 /* NSObject+PropertySupport.m */; };
		D0DD202210974B6C00BBB778 /* NSString+GSub.m in Sources */ = {isa = PBXBuildFile; fileRef = D0DD1FF010974B6C00BBB778 /* NSString+GSub.m */; };
		D0DD202310974B6C00BBB778 /* ObjectiveResourceDateFormatter.m in Sources */ = {isa = PBXBuildFile; fileRef = D0DD1FF210974B6C00BBB778 /* ObjectiveResourceDateFormatter.m */; };
		D0DD202410974B6C00BBB778 /* NSArray+JSONSerializableSupport.m in Sources */ = {isa = PBXBuildFile; fileRef = D0DD1FF710974B6C00BBB778 /* NSArray+JSONSerializableSupport.m */; };
		D0DD202510974B6C00BBB778 /* NSDictionary+JSONSerializableSupport.m in Sources */ = {isa = PBXBuildFile; fileRef = D0DD1FFB10974B6C00BBB778 /* NSDictionary+JSONSerializableSupport.m */; };
		D0DD202610974B6C00BBB778 /* NSObject+JSONSerializableSupport.m in Sources */ = {isa = PBXBuildFile; fileRef = D0DD1FFD10974B6C00BBB778 /* NSObject+JSONSerializableSupport.m */; };
		D0DD202710974B6C00BBB778 /* NSDate+Serialize.m in Sources */ = {isa = PBXBuildFile; fileRef = D0DD1FFF10974B6C00BBB778 /* NSDate+Serialize.m */; };
		D0DD202810974B6C00BBB778 /* NSDictionary+KeyTranslation.m in Sources */ = {isa = PBXBuildFile; fileRef = D0DD200110974B6C00BBB778 /* NSDictionary+KeyTranslation.m */; };
		D0DD202910974B6C00BBB778 /* NSObject+Serialize.m in Sources */ = {isa = PBXBuildFile; fileRef = D0DD200310974B6C00BBB778 /* NSObject+Serialize.m */; };
		D0DD202A10974B6C00BBB778 /* NSString+Serialize.m in Sources */ = {isa = PBXBuildFile; fileRef = D0DD200510974B6C00BBB778 /* NSString+Serialize.m */; };
		D0DD202B10974B6C00BBB778 /* FromXMLElementDelegate.m in Sources */ = {isa = PBXBuildFile; fileRef = D0DD200910974B6C00BBB778 /* FromXMLElementDelegate.m */; };
		D0DD202C10974B6C00BBB778 /* NSArray+XMLSerializableSupport.m in Sources */ = {isa = PBXBuildFile; fileRef = D0DD200B10974B6C00BBB778 /* NSArray+XMLSerializableSupport.m */; };
		D0DD202D10974B6C00BBB778 /* NSDate+XMLSerializableSupport.m in Sources */ = {isa = PBXBuildFile; fileRef = D0DD200D10974B6C00BBB778 /* NSDate+XMLSerializableSupport.m */; };
		D0DD202E10974B6C00BBB778 /* NSDictionary+XMLSerializableSupport.m in Sources */ = {isa = PBXBuildFile; fileRef = D0DD200F10974B6C00BBB778 /* NSDictionary+XMLSerializableSupport.m */; };
		D0DD202F10974B6C00BBB778 /* NSNull+XMLSerializableSupport.m in Sources */ = {isa = PBXBuildFile; fileRef = D0DD201110974B6C00BBB778 /* NSNull+XMLSerializableSupport.m */; };
		D0DD203010974B6C00BBB778 /* NSObject+XMLSerializableSupport.m in Sources */ = {isa = PBXBuildFile; fileRef = D0DD201310974B6C00BBB778 /* NSObject+XMLSerializableSupport.m */; };
		D0DD203110974B6C00BBB778 /* NSString+XMLSerializableSupport.m in Sources */ = {isa = PBXBuildFile; fileRef = D0DD201510974B6C00BBB778 /* NSString+XMLSerializableSupport.m */; };
		D0DD203210974B6C00BBB778 /* NSNumber+XMLSerializableSupport.m in Sources */ = {isa = PBXBuildFile; fileRef = D0DD201910974B6C00BBB778 /* NSNumber+XMLSerializableSupport.m */; };
		D0DD203310974B6C00BBB778 /* objective_supportAppDelegate.m in Sources */ = {isa = PBXBuildFile; fileRef = D0DD201B10974B6C00BBB778 /* objective_supportAppDelegate.m */; };
		D0DD203410974B6C00BBB778 /* JSONFramework.h in Headers */ = {isa = PBXBuildFile; fileRef = D0DD1FDF10974B6C00BBB778 /* JSONFramework.h */; };
		D0DD203510974B6C00BBB778 /* NSObject+SBJSON.h in Headers */ = {isa = PBXBuildFile; fileRef = D0DD1FE010974B6C00BBB778 /* NSObject+SBJSON.h */; };
		D0DD203610974B6C00BBB778 /* NSObject+SBJSON.m in Sources */ = {isa = PBXBuildFile; fileRef = D0DD1FE110974B6C00BBB778 /* NSObject+SBJSON.m */; };
		D0DD203710974B6C00BBB778 /* NSString+SBJSON.h in Headers */ = {isa = PBXBuildFile; fileRef = D0DD1FE210974B6C00BBB778 /* NSString+SBJSON.h */; };
		D0DD203810974B6C00BBB778 /* NSString+SBJSON.m in Sources */ = {isa = PBXBuildFile; fileRef = D0DD1FE310974B6C00BBB778 /* NSString+SBJSON.m */; };
		D0DD203910974B6C00BBB778 /* SBJSON.h in Headers */ = {isa = PBXBuildFile; fileRef = D0DD1FE410974B6C00BBB778 /* SBJSON.h */; };
		D0DD203A10974B6C00BBB778 /* SBJSON.m in Sources */ = {isa = PBXBuildFile; fileRef = D0DD1FE510974B6C00BBB778 /* SBJSON.m */; };
		D0DD203B10974B6C00BBB778 /* CoreSupport.h in Headers */ = {isa = PBXBuildFile; fileRef = D0DD1FE710974B6C00BBB778 /* CoreSupport.h */; };
		D0DD203C10974B6C00BBB778 /* NSString+InflectionSupport.h in Headers */ = {isa = PBXBuildFile; fileRef = D0DD1FE910974B6C00BBB778 /* NSString+InflectionSupport.h */; };
		D0DD203D10974B6C00BBB778 /* NSString+InflectionSupport.m in Sources */ = {isa = PBXBuildFile; fileRef = D0DD1FEA10974B6C00BBB778 /* NSString+InflectionSupport.m */; };
		D0DD203E10974B6C00BBB778 /* NSData+Additions.h in Headers */ = {isa = PBXBuildFile; fileRef = D0DD1FEB10974B6C00BBB778 /* NSData+Additions.h */; };
		D0DD203F10974B6C00BBB778 /* NSData+Additions.m in Sources */ = {isa = PBXBuildFile; fileRef = D0DD1FEC10974B6C00BBB778 /* NSData+Additions.m */; };
		D0DD204010974B6C00BBB778 /* NSObject+PropertySupport.h in Headers */ = {isa = PBXBuildFile; fileRef = D0DD1FED10974B6C00BBB778 /* NSObject+PropertySupport.h */; };
		D0DD204110974B6C00BBB778 /* NSObject+PropertySupport.m in Sources */ = {isa = PBXBuildFile; fileRef = D0DD1FEE10974B6C00BBB778 /* NSObject+PropertySupport.m */; };
		D0DD204210974B6C00BBB778 /* NSString+GSub.h in Headers */ = {isa = PBXBuildFile; fileRef = D0DD1FEF10974B6C00BBB778 /* NSString+GSub.h */; };
		D0DD204310974B6C00BBB778 /* NSString+GSub.m in Sources */ = {isa = PBXBuildFile; fileRef = D0DD1FF010974B6C00BBB778 /* NSString+GSub.m */; };
		D0DD204410974B6C00BBB778 /* ObjectiveResourceDateFormatter.h in Headers */ = {isa = PBXBuildFile; fileRef = D0DD1FF110974B6C00BBB778 /* ObjectiveResourceDateFormatter.h */; };
		D0DD204510974B6C00BBB778 /* ObjectiveResourceDateFormatter.m in Sources */ = {isa = PBXBuildFile; fileRef = D0DD1FF210974B6C00BBB778 /* ObjectiveResourceDateFormatter.m */; };
		D0DD204610974B6C00BBB778 /* ObjectiveSupport.h in Headers */ = {isa = PBXBuildFile; fileRef = D0DD1FF310974B6C00BBB778 /* ObjectiveSupport.h */; };
		D0DD204710974B6C00BBB778 /* NSArray+JSONSerializableSupport.h in Headers */ = {isa = PBXBuildFile; fileRef = D0DD1FF610974B6C00BBB778 /* NSArray+JSONSerializableSupport.h */; };
		D0DD204810974B6C00BBB778 /* NSArray+JSONSerializableSupport.m in Sources */ = {isa = PBXBuildFile; fileRef = D0DD1FF710974B6C00BBB778 /* NSArray+JSONSerializableSupport.m */; };
		D0DD204910974B6C00BBB778 /* JSONSerializable.h in Headers */ = {isa = PBXBuildFile; fileRef = D0DD1FF810974B6C00BBB778 /* JSONSerializable.h */; };
		D0DD204A10974B6C00BBB778 /* JSONSerializableSupport.h in Headers */ = {isa = PBXBuildFile; fileRef = D0DD1FF910974B6C00BBB778 /* JSONSerializableSupport.h */; };
		D0DD204B10974B6C00BBB778 /* NSDictionary+JSONSerializableSupport.h in Headers */ = {isa = PBXBuildFile; fileRef = D0DD1FFA10974B6C00BBB778 /* NSDictionary+JSONSerializableSupport.h */; };
		D0DD204C10974B6C00BBB778 /* NSDictionary+JSONSerializableSupport.m in Sources */ = {isa = PBXBuildFile; fileRef = D0DD1FFB10974B6C00BBB778 /* NSDictionary+JSONSerializableSupport.m */; };
		D0DD204D10974B6C00BBB778 /* NSObject+JSONSerializableSupport.h in Headers */ = {isa = PBXBuildFile; fileRef = D0DD1FFC10974B6C00BBB778 /* NSObject+JSONSerializableSupport.h */; };
		D0DD204E10974B6C00BBB778 /* NSObject+JSONSerializableSupport.m in Sources */ = {isa = PBXBuildFile; fileRef = D0DD1FFD10974B6C00BBB778 /* NSObject+JSONSerializableSupport.m */; };
		D0DD204F10974B6C00BBB778 /* NSDate+Serialize.h in Headers */ = {isa = PBXBuildFile; fileRef = D0DD1FFE10974B6C00BBB778 /* NSDate+Serialize.h */; };
		D0DD205010974B6C00BBB778 /* NSDate+Serialize.m in Sources */ = {isa = PBXBuildFile; fileRef = D0DD1FFF10974B6C00BBB778 /* NSDate+Serialize.m */; };
		D0DD205110974B6C00BBB778 /* NSDictionary+KeyTranslation.h in Headers */ = {isa = PBXBuildFile; fileRef = D0DD200010974B6C00BBB778 /* NSDictionary+KeyTranslation.h */; };
		D0DD205210974B6C00BBB778 /* NSDictionary+KeyTranslation.m in Sources */ = {isa = PBXBuildFile; fileRef = D0DD200110974B6C00BBB778 /* NSDictionary+KeyTranslation.m */; };
		D0DD205310974B6C00BBB778 /* NSObject+Serialize.h in Headers */ = {isa = PBXBuildFile; fileRef = D0DD200210974B6C00BBB778 /* NSObject+Serialize.h */; };
		D0DD205410974B6C00BBB778 /* NSObject+Serialize.m in Sources */ = {isa = PBXBuildFile; fileRef = D0DD200310974B6C00BBB778 /* NSObject+Serialize.m */; };
		D0DD205510974B6C00BBB778 /* NSString+Serialize.h in Headers */ = {isa = PBXBuildFile; fileRef = D0DD200410974B6C00BBB778 /* NSString+Serialize.h */; };
		D0DD205610974B6C00BBB778 /* NSString+Serialize.m in Sources */ = {isa = PBXBuildFile; fileRef = D0DD200510974B6C00BBB778 /* NSString+Serialize.m */; };
		D0DD205710974B6C00BBB778 /* Serialize.h in Headers */ = {isa = PBXBuildFile; fileRef = D0DD200610974B6C00BBB778 /* Serialize.h */; };
		D0DD205810974B6C00BBB778 /* FromXMLElementDelegate.h in Headers */ = {isa = PBXBuildFile; fileRef = D0DD200810974B6C00BBB778 /* FromXMLElementDelegate.h */; };
		D0DD205910974B6C00BBB778 /* FromXMLElementDelegate.m in Sources */ = {isa = PBXBuildFile; fileRef = D0DD200910974B6C00BBB778 /* FromXMLElementDelegate.m */; };
		D0DD205A10974B6C00BBB778 /* NSArray+XMLSerializableSupport.h in Headers */ = {isa = PBXBuildFile; fileRef = D0DD200A10974B6C00BBB778 /* NSArray+XMLSerializableSupport.h */; };
		D0DD205B10974B6C00BBB778 /* NSArray+XMLSerializableSupport.m in Sources */ = {isa = PBXBuildFile; fileRef = D0DD200B10974B6C00BBB778 /* NSArray+XMLSerializableSupport.m */; };
		D0DD205C10974B6C00BBB778 /* NSDate+XMLSerializableSupport.h in Headers */ = {isa = PBXBuildFile; fileRef = D0DD200C10974B6C00BBB778 /* NSDate+XMLSerializableSupport.h */; };
		D0DD205D10974B6C00BBB778 /* NSDate+XMLSerializableSupport.m in Sources */ = {isa = PBXBuildFile; fileRef = D0DD200D10974B6C00BBB778 /* NSDate+XMLSerializableSupport.m */; };
		D0DD205E10974B6C00BBB778 /* NSDictionary+XMLSerializableSupport.h in Headers */ = {isa = PBXBuildFile; fileRef = D0DD200E10974B6C00BBB778 /* NSDictionary+XMLSerializableSupport.h */; };
		D0DD205F10974B6C00BBB778 /* NSDictionary+XMLSerializableSupport.m in Sources */ = {isa = PBXBuildFile; fileRef = D0DD200F10974B6C00BBB778 /* NSDictionary+XMLSerializableSupport.m */; };
		D0DD206010974B6C00BBB778 /* NSNull+XMLSerializableSupport.h in Headers */ = {isa = PBXBuildFile; fileRef = D0DD201010974B6C00BBB778 /* NSNull+XMLSerializableSupport.h */; };
		D0DD206110974B6C00BBB778 /* NSNull+XMLSerializableSupport.m in Sources */ = {isa = PBXBuildFile; fileRef = D0DD201110974B6C00BBB778 /* NSNull+XMLSerializableSupport.m */; };
		D0DD206210974B6C00BBB778 /* NSObject+XMLSerializableSupport.h in Headers */ = {isa = PBXBuildFile; fileRef = D0DD201210974B6C00BBB778 /* NSObject+XMLSerializableSupport.h */; };
		D0DD206310974B6C00BBB778 /* NSObject+XMLSerializableSupport.m in Sources */ = {isa = PBXBuildFile; fileRef = D0DD201310974B6C00BBB778 /* NSObject+XMLSerializableSupport.m */; };
		D0DD206410974B6C00BBB778 /* NSString+XMLSerializableSupport.h in Headers */ = {isa = PBXBuildFile; fileRef = D0DD201410974B6C00BBB778 /* NSString+XMLSerializableSupport.h */; };
		D0DD206510974B6C00BBB778 /* NSString+XMLSerializableSupport.m in Sources */ = {isa = PBXBuildFile; fileRef = D0DD201510974B6C00BBB778 /* NSString+XMLSerializableSupport.m */; };
		D0DD206610974B6C00BBB778 /* XMLSerializable.h in Headers */ = {isa = PBXBuildFile; fileRef = D0DD201610974B6C00BBB778 /* XMLSerializable.h */; };
		D0DD206710974B6C00BBB778 /* XMLSerializableSupport.h in Headers */ = {isa = PBXBuildFile; fileRef = D0DD201710974B6C00BBB778 /* XMLSerializableSupport.h */; };
		D0DD206810974B6C00BBB778 /* NSNumber+XMLSerializableSupport.h in Headers */ = {isa = PBXBuildFile; fileRef = D0DD201810974B6C00BBB778 /* NSNumber+XMLSerializableSupport.h */; };
		D0DD206910974B6C00BBB778 /* NSNumber+XMLSerializableSupport.m in Sources */ = {isa = PBXBuildFile; fileRef = D0DD201910974B6C00BBB778 /* NSNumber+XMLSerializableSupport.m */; };
		D0DD206A10974B6C00BBB778 /* objective_supportAppDelegate.h in Headers */ = {isa = PBXBuildFile; fileRef = D0DD201A10974B6C00BBB778 /* objective_supportAppDelegate.h */; };
		D0DD206B10974B6C00BBB778 /* objective_supportAppDelegate.m in Sources */ = {isa = PBXBuildFile; fileRef = D0DD201B10974B6C00BBB778 /* objective_supportAppDelegate.m */; };
		D0DD208A10974C3900BBB778 /* NSObject+TTResource.m in Sources */ = {isa = PBXBuildFile; fileRef = D0DD208910974C3900BBB778 /* NSObject+TTResource.m */; };
		D0DD208B10974C3900BBB778 /* NSObject+TTResource.h in Headers */ = {isa = PBXBuildFile; fileRef = D0DD208810974C3900BBB778 /* NSObject+TTResource.h */; };
		D0DD208C10974C3900BBB778 /* NSObject+TTResource.m in Sources */ = {isa = PBXBuildFile; fileRef = D0DD208910974C3900BBB778 /* NSObject+TTResource.m */; };
/* End PBXBuildFile section */

/* Begin PBXContainerItemProxy section */
		D0A6C5551097446900FAA706 /* PBXContainerItemProxy */ = {
			isa = PBXContainerItemProxy;
			containerPortal = D0A6C54E1097446900FAA706 /* Three20.xcodeproj */;
			proxyType = 2;
			remoteGlobalIDString = BEF31F3A0F352DF5000DE5D2;
			remoteInfo = Three20;
		};
		D0A6C560109744BF00FAA706 /* PBXContainerItemProxy */ = {
			isa = PBXContainerItemProxy;
			containerPortal = D0A6C54E1097446900FAA706 /* Three20.xcodeproj */;
			proxyType = 1;
			remoteGlobalIDString = BEF31F390F352DF5000DE5D2;
			remoteInfo = Three20;
		};
/* End PBXContainerItemProxy section */

/* Begin PBXFileReference section */
		AA747D9E0F9514B9006C5449 /* TTResource_Prefix.pch */ = {isa = PBXFileReference; fileEncoding = 4; lastKnownFileType = sourcecode.c.h; path = TTResource_Prefix.pch; sourceTree = SOURCE_ROOT; };
		AACBBE490F95108600F1A2B1 /* Foundation.framework */ = {isa = PBXFileReference; lastKnownFileType = wrapper.framework; name = Foundation.framework; path = System/Library/Frameworks/Foundation.framework; sourceTree = SDKROOT; };
		D0A6C54E1097446900FAA706 /* Three20.xcodeproj */ = {isa = PBXFileReference; lastKnownFileType = "wrapper.pb-project"; name = Three20.xcodeproj; path = ../vendor/three20/src/Three20.xcodeproj; sourceTree = SOURCE_ROOT; };
		D0A6C55C109744BD00FAA706 /* QuartzCore.framework */ = {isa = PBXFileReference; lastKnownFileType = wrapper.framework; name = QuartzCore.framework; path = System/Library/Frameworks/QuartzCore.framework; sourceTree = SDKROOT; };
		D0A6C5691097458900FAA706 /* TTResourceTests.octest */ = {isa = PBXFileReference; explicitFileType = wrapper.cfbundle; includeInIndex = 0; path = TTResourceTests.octest; sourceTree = BUILT_PRODUCTS_DIR; };
		D0A6C56A1097458900FAA706 /* TTResourceTests-Info.plist */ = {isa = PBXFileReference; lastKnownFileType = text.plist.xml; path = "TTResourceTests-Info.plist"; sourceTree = "<group>"; };
		D0A6C5721097463200FAA706 /* NSObject+TTResourceTests.h */ = {isa = PBXFileReference; fileEncoding = 4; lastKnownFileType = sourcecode.c.h; path = "NSObject+TTResourceTests.h"; sourceTree = "<group>"; };
		D0A6C5731097463200FAA706 /* NSObject+TTResourceTests.m */ = {isa = PBXFileReference; fileEncoding = 4; lastKnownFileType = sourcecode.c.objc; path = "NSObject+TTResourceTests.m"; sourceTree = "<group>"; };
		D0DD1FDF10974B6C00BBB778 /* JSONFramework.h */ = {isa = PBXFileReference; fileEncoding = 4; lastKnownFileType = sourcecode.c.h; name = JSONFramework.h; path = "../vendor/objectivesupport/Classes/lib/json-framework/JSONFramework.h"; sourceTree = SOURCE_ROOT; };
		D0DD1FE010974B6C00BBB778 /* NSObject+SBJSON.h */ = {isa = PBXFileReference; fileEncoding = 4; lastKnownFileType = sourcecode.c.h; name = "NSObject+SBJSON.h"; path = "../vendor/objectivesupport/Classes/lib/json-framework/NSObject+SBJSON.h"; sourceTree = SOURCE_ROOT; };
		D0DD1FE110974B6C00BBB778 /* NSObject+SBJSON.m */ = {isa = PBXFileReference; fileEncoding = 4; lastKnownFileType = sourcecode.c.objc; name = "NSObject+SBJSON.m"; path = "../vendor/objectivesupport/Classes/lib/json-framework/NSObject+SBJSON.m"; sourceTree = SOURCE_ROOT; };
		D0DD1FE210974B6C00BBB778 /* NSString+SBJSON.h */ = {isa = PBXFileReference; fileEncoding = 4; lastKnownFileType = sourcecode.c.h; name = "NSString+SBJSON.h"; path = "../vendor/objectivesupport/Classes/lib/json-framework/NSString+SBJSON.h"; sourceTree = SOURCE_ROOT; };
		D0DD1FE310974B6C00BBB778 /* NSString+SBJSON.m */ = {isa = PBXFileReference; fileEncoding = 4; lastKnownFileType = sourcecode.c.objc; name = "NSString+SBJSON.m"; path = "../vendor/objectivesupport/Classes/lib/json-framework/NSString+SBJSON.m"; sourceTree = SOURCE_ROOT; };
		D0DD1FE410974B6C00BBB778 /* SBJSON.h */ = {isa = PBXFileReference; fileEncoding = 4; lastKnownFileType = sourcecode.c.h; name = SBJSON.h; path = "../vendor/objectivesupport/Classes/lib/json-framework/SBJSON.h"; sourceTree = SOURCE_ROOT; };
		D0DD1FE510974B6C00BBB778 /* SBJSON.m */ = {isa = PBXFileReference; fileEncoding = 4; lastKnownFileType = sourcecode.c.objc; name = SBJSON.m; path = "../vendor/objectivesupport/Classes/lib/json-framework/SBJSON.m"; sourceTree = SOURCE_ROOT; };
		D0DD1FE710974B6C00BBB778 /* CoreSupport.h */ = {isa = PBXFileReference; fileEncoding = 4; lastKnownFileType = sourcecode.c.h; name = CoreSupport.h; path = ../vendor/objectivesupport/Classes/lib/Core/CoreSupport.h; sourceTree = SOURCE_ROOT; };
		D0DD1FE910974B6C00BBB778 /* NSString+InflectionSupport.h */ = {isa = PBXFileReference; fileEncoding = 4; lastKnownFileType = sourcecode.c.h; name = "NSString+InflectionSupport.h"; path = "../vendor/objectivesupport/Classes/lib/Core/Inflections/NSString+InflectionSupport.h"; sourceTree = SOURCE_ROOT; };
		D0DD1FEA10974B6C00BBB778 /* NSString+InflectionSupport.m */ = {isa = PBXFileReference; fileEncoding = 4; lastKnownFileType = sourcecode.c.objc; name = "NSString+InflectionSupport.m"; path = "../vendor/objectivesupport/Classes/lib/Core/Inflections/NSString+InflectionSupport.m"; sourceTree = SOURCE_ROOT; };
		D0DD1FEB10974B6C00BBB778 /* NSData+Additions.h */ = {isa = PBXFileReference; fileEncoding = 4; lastKnownFileType = sourcecode.c.h; name = "NSData+Additions.h"; path = "../vendor/objectivesupport/Classes/lib/Core/NSData+Additions.h"; sourceTree = SOURCE_ROOT; };
		D0DD1FEC10974B6C00BBB778 /* NSData+Additions.m */ = {isa = PBXFileReference; fileEncoding = 4; lastKnownFileType = sourcecode.c.objc; name = "NSData+Additions.m"; path = "../vendor/objectivesupport/Classes/lib/Core/NSData+Additions.m"; sourceTree = SOURCE_ROOT; };
		D0DD1FED10974B6C00BBB778 /* NSObject+PropertySupport.h */ = {isa = PBXFileReference; fileEncoding = 4; lastKnownFileType = sourcecode.c.h; name = "NSObject+PropertySupport.h"; path = "../vendor/objectivesupport/Classes/lib/Core/NSObject+PropertySupport.h"; sourceTree = SOURCE_ROOT; };
		D0DD1FEE10974B6C00BBB778 /* NSObject+PropertySupport.m */ = {isa = PBXFileReference; fileEncoding = 4; lastKnownFileType = sourcecode.c.objc; name = "NSObject+PropertySupport.m"; path = "../vendor/objectivesupport/Classes/lib/Core/NSObject+PropertySupport.m"; sourceTree = SOURCE_ROOT; };
		D0DD1FEF10974B6C00BBB778 /* NSString+GSub.h */ = {isa = PBXFileReference; fileEncoding = 4; lastKnownFileType = sourcecode.c.h; name = "NSString+GSub.h"; path = "../vendor/objectivesupport/Classes/lib/Core/NSString+GSub.h"; sourceTree = SOURCE_ROOT; };
		D0DD1FF010974B6C00BBB778 /* NSString+GSub.m */ = {isa = PBXFileReference; fileEncoding = 4; lastKnownFileType = sourcecode.c.objc; name = "NSString+GSub.m"; path = "../vendor/objectivesupport/Classes/lib/Core/NSString+GSub.m"; sourceTree = SOURCE_ROOT; };
		D0DD1FF110974B6C00BBB778 /* ObjectiveResourceDateFormatter.h */ = {isa = PBXFileReference; fileEncoding = 4; lastKnownFileType = sourcecode.c.h; name = ObjectiveResourceDateFormatter.h; path = ../vendor/objectivesupport/Classes/lib/Core/ObjectiveResourceDateFormatter.h; sourceTree = SOURCE_ROOT; };
		D0DD1FF210974B6C00BBB778 /* ObjectiveResourceDateFormatter.m */ = {isa = PBXFileReference; fileEncoding = 4; lastKnownFileType = sourcecode.c.objc; name = ObjectiveResourceDateFormatter.m; path = ../vendor/objectivesupport/Classes/lib/Core/ObjectiveResourceDateFormatter.m; sourceTree = SOURCE_ROOT; };
		D0DD1FF310974B6C00BBB778 /* ObjectiveSupport.h */ = {isa = PBXFileReference; fileEncoding = 4; lastKnownFileType = sourcecode.c.h; name = ObjectiveSupport.h; path = ../vendor/objectivesupport/Classes/lib/Core/ObjectiveSupport.h; sourceTree = SOURCE_ROOT; };
		D0DD1FF610974B6C00BBB778 /* NSArray+JSONSerializableSupport.h */ = {isa = PBXFileReference; fileEncoding = 4; lastKnownFileType = sourcecode.c.h; name = "NSArray+JSONSerializableSupport.h"; path = "../vendor/objectivesupport/Classes/lib/Serialization/JSON/NSArray+JSONSerializableSupport.h"; sourceTree = SOURCE_ROOT; };
		D0DD1FF710974B6C00BBB778 /* NSArray+JSONSerializableSupport.m */ = {isa = PBXFileReference; fileEncoding = 4; lastKnownFileType = sourcecode.c.objc; name = "NSArray+JSONSerializableSupport.m"; path = "../vendor/objectivesupport/Classes/lib/Serialization/JSON/NSArray+JSONSerializableSupport.m"; sourceTree = SOURCE_ROOT; };
		D0DD1FF810974B6C00BBB778 /* JSONSerializable.h */ = {isa = PBXFileReference; fileEncoding = 4; lastKnownFileType = sourcecode.c.h; name = JSONSerializable.h; path = ../vendor/objectivesupport/Classes/lib/Serialization/JSON/JSONSerializable.h; sourceTree = SOURCE_ROOT; };
		D0DD1FF910974B6C00BBB778 /* JSONSerializableSupport.h */ = {isa = PBXFileReference; fileEncoding = 4; lastKnownFileType = sourcecode.c.h; name = JSONSerializableSupport.h; path = ../vendor/objectivesupport/Classes/lib/Serialization/JSON/JSONSerializableSupport.h; sourceTree = SOURCE_ROOT; };
		D0DD1FFA10974B6C00BBB778 /* NSDictionary+JSONSerializableSupport.h */ = {isa = PBXFileReference; fileEncoding = 4; lastKnownFileType = sourcecode.c.h; name = "NSDictionary+JSONSerializableSupport.h"; path = "../vendor/objectivesupport/Classes/lib/Serialization/JSON/NSDictionary+JSONSerializableSupport.h"; sourceTree = SOURCE_ROOT; };
		D0DD1FFB10974B6C00BBB778 /* NSDictionary+JSONSerializableSupport.m */ = {isa = PBXFileReference; fileEncoding = 4; lastKnownFileType = sourcecode.c.objc; name = "NSDictionary+JSONSerializableSupport.m"; path = "../vendor/objectivesupport/Classes/lib/Serialization/JSON/NSDictionary+JSONSerializableSupport.m"; sourceTree = SOURCE_ROOT; };
		D0DD1FFC10974B6C00BBB778 /* NSObject+JSONSerializableSupport.h */ = {isa = PBXFileReference; fileEncoding = 4; lastKnownFileType = sourcecode.c.h; name = "NSObject+JSONSerializableSupport.h"; path = "../vendor/objectivesupport/Classes/lib/Serialization/JSON/NSObject+JSONSerializableSupport.h"; sourceTree = SOURCE_ROOT; };
		D0DD1FFD10974B6C00BBB778 /* NSObject+JSONSerializableSupport.m */ = {isa = PBXFileReference; fileEncoding = 4; lastKnownFileType = sourcecode.c.objc; name = "NSObject+JSONSerializableSupport.m"; path = "../vendor/objectivesupport/Classes/lib/Serialization/JSON/NSObject+JSONSerializableSupport.m"; sourceTree = SOURCE_ROOT; };
		D0DD1FFE10974B6C00BBB778 /* NSDate+Serialize.h */ = {isa = PBXFileReference; fileEncoding = 4; lastKnownFileType = sourcecode.c.h; name = "NSDate+Serialize.h"; path = "../vendor/objectivesupport/Classes/lib/Serialization/NSDate+Serialize.h"; sourceTree = SOURCE_ROOT; };
		D0DD1FFF10974B6C00BBB778 /* NSDate+Serialize.m */ = {isa = PBXFileReference; fileEncoding = 4; lastKnownFileType = sourcecode.c.objc; name = "NSDate+Serialize.m"; path = "../vendor/objectivesupport/Classes/lib/Serialization/NSDate+Serialize.m"; sourceTree = SOURCE_ROOT; };
		D0DD200010974B6C00BBB778 /* NSDictionary+KeyTranslation.h */ = {isa = PBXFileReference; fileEncoding = 4; lastKnownFileType = sourcecode.c.h; name = "NSDictionary+KeyTranslation.h"; path = "../vendor/objectivesupport/Classes/lib/Serialization/NSDictionary+KeyTranslation.h"; sourceTree = SOURCE_ROOT; };
		D0DD200110974B6C00BBB778 /* NSDictionary+KeyTranslation.m */ = {isa = PBXFileReference; fileEncoding = 4; lastKnownFileType = sourcecode.c.objc; name = "NSDictionary+KeyTranslation.m"; path = "../vendor/objectivesupport/Classes/lib/Serialization/NSDictionary+KeyTranslation.m"; sourceTree = SOURCE_ROOT; };
		D0DD200210974B6C00BBB778 /* NSObject+Serialize.h */ = {isa = PBXFileReference; fileEncoding = 4; lastKnownFileType = sourcecode.c.h; name = "NSObject+Serialize.h"; path = "../vendor/objectivesupport/Classes/lib/Serialization/NSObject+Serialize.h"; sourceTree = SOURCE_ROOT; };
		D0DD200310974B6C00BBB778 /* NSObject+Serialize.m */ = {isa = PBXFileReference; fileEncoding = 4; lastKnownFileType = sourcecode.c.objc; name = "NSObject+Serialize.m"; path = "../vendor/objectivesupport/Classes/lib/Serialization/NSObject+Serialize.m"; sourceTree = SOURCE_ROOT; };
		D0DD200410974B6C00BBB778 /* NSString+Serialize.h */ = {isa = PBXFileReference; fileEncoding = 4; lastKnownFileType = sourcecode.c.h; name = "NSString+Serialize.h"; path = "../vendor/objectivesupport/Classes/lib/Serialization/NSString+Serialize.h"; sourceTree = SOURCE_ROOT; };
		D0DD200510974B6C00BBB778 /* NSString+Serialize.m */ = {isa = PBXFileReference; fileEncoding = 4; lastKnownFileType = sourcecode.c.objc; name = "NSString+Serialize.m"; path = "../vendor/objectivesupport/Classes/lib/Serialization/NSString+Serialize.m"; sourceTree = SOURCE_ROOT; };
		D0DD200610974B6C00BBB778 /* Serialize.h */ = {isa = PBXFileReference; fileEncoding = 4; lastKnownFileType = sourcecode.c.h; name = Serialize.h; path = ../vendor/objectivesupport/Classes/lib/Serialization/Serialize.h; sourceTree = SOURCE_ROOT; };
		D0DD200810974B6C00BBB778 /* FromXMLElementDelegate.h */ = {isa = PBXFileReference; fileEncoding = 4; lastKnownFileType = sourcecode.c.h; name = FromXMLElementDelegate.h; path = ../vendor/objectivesupport/Classes/lib/Serialization/XML/FromXMLElementDelegate.h; sourceTree = SOURCE_ROOT; };
		D0DD200910974B6C00BBB778 /* FromXMLElementDelegate.m */ = {isa = PBXFileReference; fileEncoding = 4; lastKnownFileType = sourcecode.c.objc; name = FromXMLElementDelegate.m; path = ../vendor/objectivesupport/Classes/lib/Serialization/XML/FromXMLElementDelegate.m; sourceTree = SOURCE_ROOT; };
		D0DD200A10974B6C00BBB778 /* NSArray+XMLSerializableSupport.h */ = {isa = PBXFileReference; fileEncoding = 4; lastKnownFileType = sourcecode.c.h; name = "NSArray+XMLSerializableSupport.h"; path = "../vendor/objectivesupport/Classes/lib/Serialization/XML/NSArray+XMLSerializableSupport.h"; sourceTree = SOURCE_ROOT; };
		D0DD200B10974B6C00BBB778 /* NSArray+XMLSerializableSupport.m */ = {isa = PBXFileReference; fileEncoding = 4; lastKnownFileType = sourcecode.c.objc; name = "NSArray+XMLSerializableSupport.m"; path = "../vendor/objectivesupport/Classes/lib/Serialization/XML/NSArray+XMLSerializableSupport.m"; sourceTree = SOURCE_ROOT; };
		D0DD200C10974B6C00BBB778 /* NSDate+XMLSerializableSupport.h */ = {isa = PBXFileReference; fileEncoding = 4; lastKnownFileType = sourcecode.c.h; name = "NSDate+XMLSerializableSupport.h"; path = "../vendor/objectivesupport/Classes/lib/Serialization/XML/NSDate+XMLSerializableSupport.h"; sourceTree = SOURCE_ROOT; };
		D0DD200D10974B6C00BBB778 /* NSDate+XMLSerializableSupport.m */ = {isa = PBXFileReference; fileEncoding = 4; lastKnownFileType = sourcecode.c.objc; name = "NSDate+XMLSerializableSupport.m"; path = "../vendor/objectivesupport/Classes/lib/Serialization/XML/NSDate+XMLSerializableSupport.m"; sourceTree = SOURCE_ROOT; };
		D0DD200E10974B6C00BBB778 /* NSDictionary+XMLSerializableSupport.h */ = {isa = PBXFileReference; fileEncoding = 4; lastKnownFileType = sourcecode.c.h; name = "NSDictionary+XMLSerializableSupport.h"; path = "../vendor/objectivesupport/Classes/lib/Serialization/XML/NSDictionary+XMLSerializableSupport.h"; sourceTree = SOURCE_ROOT; };
		D0DD200F10974B6C00BBB778 /* NSDictionary+XMLSerializableSupport.m */ = {isa = PBXFileReference; fileEncoding = 4; lastKnownFileType = sourcecode.c.objc; name = "NSDictionary+XMLSerializableSupport.m"; path = "../vendor/objectivesupport/Classes/lib/Serialization/XML/NSDictionary+XMLSerializableSupport.m"; sourceTree = SOURCE_ROOT; };
		D0DD201010974B6C00BBB778 /* NSNull+XMLSerializableSupport.h */ = {isa = PBXFileReference; fileEncoding = 4; lastKnownFileType = sourcecode.c.h; name = "NSNull+XMLSerializableSupport.h"; path = "../vendor/objectivesupport/Classes/lib/Serialization/XML/NSNull+XMLSerializableSupport.h"; sourceTree = SOURCE_ROOT; };
		D0DD201110974B6C00BBB778 /* NSNull+XMLSerializableSupport.m */ = {isa = PBXFileReference; fileEncoding = 4; lastKnownFileType = sourcecode.c.objc; name = "NSNull+XMLSerializableSupport.m"; path = "../vendor/objectivesupport/Classes/lib/Serialization/XML/NSNull+XMLSerializableSupport.m"; sourceTree = SOURCE_ROOT; };
		D0DD201210974B6C00BBB778 /* NSObject+XMLSerializableSupport.h */ = {isa = PBXFileReference; fileEncoding = 4; lastKnownFileType = sourcecode.c.h; name = "NSObject+XMLSerializableSupport.h"; path = "../vendor/objectivesupport/Classes/lib/Serialization/XML/NSObject+XMLSerializableSupport.h"; sourceTree = SOURCE_ROOT; };
		D0DD201310974B6C00BBB778 /* NSObject+XMLSerializableSupport.m */ = {isa = PBXFileReference; fileEncoding = 4; lastKnownFileType = sourcecode.c.objc; name = "NSObject+XMLSerializableSupport.m"; path = "../vendor/objectivesupport/Classes/lib/Serialization/XML/NSObject+XMLSerializableSupport.m"; sourceTree = SOURCE_ROOT; };
		D0DD201410974B6C00BBB778 /* NSString+XMLSerializableSupport.h */ = {isa = PBXFileReference; fileEncoding = 4; lastKnownFileType = sourcecode.c.h; name = "NSString+XMLSerializableSupport.h"; path = "../vendor/objectivesupport/Classes/lib/Serialization/XML/NSString+XMLSerializableSupport.h"; sourceTree = SOURCE_ROOT; };
		D0DD201510974B6C00BBB778 /* NSString+XMLSerializableSupport.m */ = {isa = PBXFileReference; fileEncoding = 4; lastKnownFileType = sourcecode.c.objc; name = "NSString+XMLSerializableSupport.m"; path = "../vendor/objectivesupport/Classes/lib/Serialization/XML/NSString+XMLSerializableSupport.m"; sourceTree = SOURCE_ROOT; };
		D0DD201610974B6C00BBB778 /* XMLSerializable.h */ = {isa = PBXFileReference; fileEncoding = 4; lastKnownFileType = sourcecode.c.h; name = XMLSerializable.h; path = ../vendor/objectivesupport/Classes/lib/Serialization/XML/XMLSerializable.h; sourceTree = SOURCE_ROOT; };
		D0DD201710974B6C00BBB778 /* XMLSerializableSupport.h */ = {isa = PBXFileReference; fileEncoding = 4; lastKnownFileType = sourcecode.c.h; name = XMLSerializableSupport.h; path = ../vendor/objectivesupport/Classes/lib/Serialization/XML/XMLSerializableSupport.h; sourceTree = SOURCE_ROOT; };
		D0DD201810974B6C00BBB778 /* NSNumber+XMLSerializableSupport.h */ = {isa = PBXFileReference; fileEncoding = 4; lastKnownFileType = sourcecode.c.h; name = "NSNumber+XMLSerializableSupport.h"; path = "../vendor/objectivesupport/Classes/lib/Serialization/XML/NSNumber+XMLSerializableSupport.h"; sourceTree = SOURCE_ROOT; };
		D0DD201910974B6C00BBB778 /* NSNumber+XMLSerializableSupport.m */ = {isa = PBXFileReference; fileEncoding = 4; lastKnownFileType = sourcecode.c.objc; name = "NSNumber+XMLSerializableSupport.m"; path = "../vendor/objectivesupport/Classes/lib/Serialization/XML/NSNumber+XMLSerializableSupport.m"; sourceTree = SOURCE_ROOT; };
		D0DD201A10974B6C00BBB778 /* objective_supportAppDelegate.h */ = {isa = PBXFileReference; fileEncoding = 4; lastKnownFileType = sourcecode.c.h; name = objective_supportAppDelegate.h; path = ../vendor/objectivesupport/Classes/objective_supportAppDelegate.h; sourceTree = SOURCE_ROOT; };
		D0DD201B10974B6C00BBB778 /* objective_supportAppDelegate.m */ = {isa = PBXFileReference; fileEncoding = 4; lastKnownFileType = sourcecode.c.objc; name = objective_supportAppDelegate.m; path = ../vendor/objectivesupport/Classes/objective_supportAppDelegate.m; sourceTree = SOURCE_ROOT; };
		D0DD208810974C3900BBB778 /* NSObject+TTResource.h */ = {isa = PBXFileReference; fileEncoding = 4; lastKnownFileType = sourcecode.c.h; path = "NSObject+TTResource.h"; sourceTree = "<group>"; };
		D0DD208910974C3900BBB778 /* NSObject+TTResource.m */ = {isa = PBXFileReference; fileEncoding = 4; lastKnownFileType = sourcecode.c.objc; path = "NSObject+TTResource.m"; sourceTree = "<group>"; };
		D2AAC07E0554694100DB518D /* libTTResource.a */ = {isa = PBXFileReference; explicitFileType = archive.ar; includeInIndex = 0; path = libTTResource.a; sourceTree = BUILT_PRODUCTS_DIR; };
/* End PBXFileReference section */

/* Begin PBXFrameworksBuildPhase section */
		D0A6C5661097458900FAA706 /* Frameworks */ = {
			isa = PBXFrameworksBuildPhase;
			buildActionMask = 2147483647;
			files = (
			);
			runOnlyForDeploymentPostprocessing = 0;
		};
		D2AAC07C0554694100DB518D /* Frameworks */ = {
			isa = PBXFrameworksBuildPhase;
			buildActionMask = 2147483647;
			files = (
				AACBBE4A0F95108600F1A2B1 /* Foundation.framework in Frameworks */,
				D0A6C5591097448F00FAA706 /* libThree20.a in Frameworks */,
				D0A6C55D109744BD00FAA706 /* QuartzCore.framework in Frameworks */,
			);
			runOnlyForDeploymentPostprocessing = 0;
		};
/* End PBXFrameworksBuildPhase section */

/* Begin PBXGroup section */
		034768DFFF38A50411DB9C8B /* Products */ = {
			isa = PBXGroup;
			children = (
				D2AAC07E0554694100DB518D /* libTTResource.a */,
				D0A6C5691097458900FAA706 /* TTResourceTests.octest */,
			);
			name = Products;
			sourceTree = "<group>";
		};
		0867D691FE84028FC02AAC07 /* TTResource */ = {
			isa = PBXGroup;
			children = (
				D0DD1FD310974B5200BBB778 /* vendor */,
				D0A6C56F109745A200FAA706 /* Tests */,
				08FB77AEFE84172EC02AAC07 /* Classes */,
				32C88DFF0371C24200C91783 /* Other Sources */,
				0867D69AFE84028FC02AAC07 /* Frameworks */,
				034768DFFF38A50411DB9C8B /* Products */,
				D0A6C55C109744BD00FAA706 /* QuartzCore.framework */,
				D0A6C56A1097458900FAA706 /* TTResourceTests-Info.plist */,
			);
			name = TTResource;
			sourceTree = "<group>";
		};
		0867D69AFE84028FC02AAC07 /* Frameworks */ = {
			isa = PBXGroup;
			children = (
				AACBBE490F95108600F1A2B1 /* Foundation.framework */,
			);
			name = Frameworks;
			sourceTree = "<group>";
		};
		08FB77AEFE84172EC02AAC07 /* Classes */ = {
			isa = PBXGroup;
			children = (
				D0DD208810974C3900BBB778 /* NSObject+TTResource.h */,
				D0DD208910974C3900BBB778 /* NSObject+TTResource.m */,
			);
			name = Classes;
			sourceTree = "<group>";
		};
		32C88DFF0371C24200C91783 /* Other Sources */ = {
			isa = PBXGroup;
			children = (
				AA747D9E0F9514B9006C5449 /* TTResource_Prefix.pch */,
			);
			name = "Other Sources";
			sourceTree = "<group>";
		};
		D0A6C54F1097446900FAA706 /* Products */ = {
			isa = PBXGroup;
			children = (
				D0A6C5561097446900FAA706 /* libThree20.a */,
			);
			name = Products;
			sourceTree = "<group>";
		};
		D0A6C56F109745A200FAA706 /* Tests */ = {
			isa = PBXGroup;
			children = (
				D0A6C5721097463200FAA706 /* NSObject+TTResourceTests.h */,
				D0A6C5731097463200FAA706 /* NSObject+TTResourceTests.m */,
			);
			name = Tests;
			sourceTree = "<group>";
		};
		D0DD1FD310974B5200BBB778 /* vendor */ = {
			isa = PBXGroup;
			children = (
				D0A6C54E1097446900FAA706 /* Three20.xcodeproj */,
				D0DD1FD410974B5700BBB778 /* ObjectiveSupport */,
			);
			name = vendor;
			sourceTree = "<group>";
		};
		D0DD1FD410974B5700BBB778 /* ObjectiveSupport */ = {
			isa = PBXGroup;
			children = (
				D0DD1FDE10974B6C00BBB778 /* json-framework */,
				D0DD1FE610974B6C00BBB778 /* Core */,
				D0DD1FF410974B6C00BBB778 /* Serialization */,
				D0DD201A10974B6C00BBB778 /* objective_supportAppDelegate.h */,
				D0DD201B10974B6C00BBB778 /* objective_supportAppDelegate.m */,
			);
			name = ObjectiveSupport;
			sourceTree = "<group>";
		};
		D0DD1FDE10974B6C00BBB778 /* json-framework */ = {
			isa = PBXGroup;
			children = (
				D0DD1FDF10974B6C00BBB778 /* JSONFramework.h */,
				D0DD1FE010974B6C00BBB778 /* NSObject+SBJSON.h */,
				D0DD1FE110974B6C00BBB778 /* NSObject+SBJSON.m */,
				D0DD1FE210974B6C00BBB778 /* NSString+SBJSON.h */,
				D0DD1FE310974B6C00BBB778 /* NSString+SBJSON.m */,
				D0DD1FE410974B6C00BBB778 /* SBJSON.h */,
				D0DD1FE510974B6C00BBB778 /* SBJSON.m */,
			);
			name = "json-framework";
			path = "../vendor/objectivesupport/Classes/lib/json-framework";
			sourceTree = SOURCE_ROOT;
		};
		D0DD1FE610974B6C00BBB778 /* Core */ = {
			isa = PBXGroup;
			children = (
				D0DD1FE710974B6C00BBB778 /* CoreSupport.h */,
				D0DD1FE810974B6C00BBB778 /* Inflections */,
				D0DD1FEB10974B6C00BBB778 /* NSData+Additions.h */,
				D0DD1FEC10974B6C00BBB778 /* NSData+Additions.m */,
				D0DD1FED10974B6C00BBB778 /* NSObject+PropertySupport.h */,
				D0DD1FEE10974B6C00BBB778 /* NSObject+PropertySupport.m */,
				D0DD1FEF10974B6C00BBB778 /* NSString+GSub.h */,
				D0DD1FF010974B6C00BBB778 /* NSString+GSub.m */,
				D0DD1FF110974B6C00BBB778 /* ObjectiveResourceDateFormatter.h */,
				D0DD1FF210974B6C00BBB778 /* ObjectiveResourceDateFormatter.m */,
				D0DD1FF310974B6C00BBB778 /* ObjectiveSupport.h */,
			);
			name = Core;
			path = ../vendor/objectivesupport/Classes/lib/Core;
			sourceTree = SOURCE_ROOT;
		};
		D0DD1FE810974B6C00BBB778 /* Inflections */ = {
			isa = PBXGroup;
			children = (
				D0DD1FE910974B6C00BBB778 /* NSString+InflectionSupport.h */,
				D0DD1FEA10974B6C00BBB778 /* NSString+InflectionSupport.m */,
			);
			name = Inflections;
			path = ../vendor/objectivesupport/Classes/lib/Core/Inflections;
			sourceTree = SOURCE_ROOT;
		};
		D0DD1FF410974B6C00BBB778 /* Serialization */ = {
			isa = PBXGroup;
			children = (
				D0DD1FF510974B6C00BBB778 /* JSON */,
				D0DD1FFE10974B6C00BBB778 /* NSDate+Serialize.h */,
				D0DD1FFF10974B6C00BBB778 /* NSDate+Serialize.m */,
				D0DD200010974B6C00BBB778 /* NSDictionary+KeyTranslation.h */,
				D0DD200110974B6C00BBB778 /* NSDictionary+KeyTranslation.m */,
				D0DD200210974B6C00BBB778 /* NSObject+Serialize.h */,
				D0DD200310974B6C00BBB778 /* NSObject+Serialize.m */,
				D0DD200410974B6C00BBB778 /* NSString+Serialize.h */,
				D0DD200510974B6C00BBB778 /* NSString+Serialize.m */,
				D0DD200610974B6C00BBB778 /* Serialize.h */,
				D0DD200710974B6C00BBB778 /* XML */,
			);
			name = Serialization;
			path = ../vendor/objectivesupport/Classes/lib/Serialization;
			sourceTree = SOURCE_ROOT;
		};
		D0DD1FF510974B6C00BBB778 /* JSON */ = {
			isa = PBXGroup;
			children = (
				D0DD1FF610974B6C00BBB778 /* NSArray+JSONSerializableSupport.h */,
				D0DD1FF710974B6C00BBB778 /* NSArray+JSONSerializableSupport.m */,
				D0DD1FF810974B6C00BBB778 /* JSONSerializable.h */,
				D0DD1FF910974B6C00BBB778 /* JSONSerializableSupport.h */,
				D0DD1FFA10974B6C00BBB778 /* NSDictionary+JSONSerializableSupport.h */,
				D0DD1FFB10974B6C00BBB778 /* NSDictionary+JSONSerializableSupport.m */,
				D0DD1FFC10974B6C00BBB778 /* NSObject+JSONSerializableSupport.h */,
				D0DD1FFD10974B6C00BBB778 /* NSObject+JSONSerializableSupport.m */,
			);
			name = JSON;
			path = ../vendor/objectivesupport/Classes/lib/Serialization/JSON;
			sourceTree = SOURCE_ROOT;
		};
		D0DD200710974B6C00BBB778 /* XML */ = {
			isa = PBXGroup;
			children = (
				D0DD200810974B6C00BBB778 /* FromXMLElementDelegate.h */,
				D0DD200910974B6C00BBB778 /* FromXMLElementDelegate.m */,
				D0DD200A10974B6C00BBB778 /* NSArray+XMLSerializableSupport.h */,
				D0DD200B10974B6C00BBB778 /* NSArray+XMLSerializableSupport.m */,
				D0DD200C10974B6C00BBB778 /* NSDate+XMLSerializableSupport.h */,
				D0DD200D10974B6C00BBB778 /* NSDate+XMLSerializableSupport.m */,
				D0DD200E10974B6C00BBB778 /* NSDictionary+XMLSerializableSupport.h */,
				D0DD200F10974B6C00BBB778 /* NSDictionary+XMLSerializableSupport.m */,
				D0DD201010974B6C00BBB778 /* NSNull+XMLSerializableSupport.h */,
				D0DD201110974B6C00BBB778 /* NSNull+XMLSerializableSupport.m */,
				D0DD201210974B6C00BBB778 /* NSObject+XMLSerializableSupport.h */,
				D0DD201310974B6C00BBB778 /* NSObject+XMLSerializableSupport.m */,
				D0DD201410974B6C00BBB778 /* NSString+XMLSerializableSupport.h */,
				D0DD201510974B6C00BBB778 /* NSString+XMLSerializableSupport.m */,
				D0DD201610974B6C00BBB778 /* XMLSerializable.h */,
				D0DD201710974B6C00BBB778 /* XMLSerializableSupport.h */,
				D0DD201810974B6C00BBB778 /* NSNumber+XMLSerializableSupport.h */,
				D0DD201910974B6C00BBB778 /* NSNumber+XMLSerializableSupport.m */,
			);
			name = XML;
			path = ../vendor/objectivesupport/Classes/lib/Serialization/XML;
			sourceTree = SOURCE_ROOT;
		};
/* End PBXGroup section */

/* Begin PBXHeadersBuildPhase section */
		D2AAC07A0554694100DB518D /* Headers */ = {
			isa = PBXHeadersBuildPhase;
			buildActionMask = 2147483647;
			files = (
				AA747D9F0F9514B9006C5449 /* TTResource_Prefix.pch in Headers */,
				D0DD203410974B6C00BBB778 /* JSONFramework.h in Headers */,
				D0DD203510974B6C00BBB778 /* NSObject+SBJSON.h in Headers */,
				D0DD203710974B6C00BBB778 /* NSString+SBJSON.h in Headers */,
				D0DD203910974B6C00BBB778 /* SBJSON.h in Headers */,
				D0DD203B10974B6C00BBB778 /* CoreSupport.h in Headers */,
				D0DD203C10974B6C00BBB778 /* NSString+InflectionSupport.h in Headers */,
				D0DD203E10974B6C00BBB778 /* NSData+Additions.h in Headers */,
				D0DD204010974B6C00BBB778 /* NSObject+PropertySupport.h in Headers */,
				D0DD204210974B6C00BBB778 /* NSString+GSub.h in Headers */,
				D0DD204410974B6C00BBB778 /* ObjectiveResourceDateFormatter.h in Headers */,
				D0DD204610974B6C00BBB778 /* ObjectiveSupport.h in Headers */,
				D0DD204710974B6C00BBB778 /* NSArray+JSONSerializableSupport.h in Headers */,
				D0DD204910974B6C00BBB778 /* JSONSerializable.h in Headers */,
				D0DD204A10974B6C00BBB778 /* JSONSerializableSupport.h in Headers */,
				D0DD204B10974B6C00BBB778 /* NSDictionary+JSONSerializableSupport.h in Headers */,
				D0DD204D10974B6C00BBB778 /* NSObject+JSONSerializableSupport.h in Headers */,
				D0DD204F10974B6C00BBB778 /* NSDate+Serialize.h in Headers */,
				D0DD205110974B6C00BBB778 /* NSDictionary+KeyTranslation.h in Headers */,
				D0DD205310974B6C00BBB778 /* NSObject+Serialize.h in Headers */,
				D0DD205510974B6C00BBB778 /* NSString+Serialize.h in Headers */,
				D0DD205710974B6C00BBB778 /* Serialize.h in Headers */,
				D0DD205810974B6C00BBB778 /* FromXMLElementDelegate.h in Headers */,
				D0DD205A10974B6C00BBB778 /* NSArray+XMLSerializableSupport.h in Headers */,
				D0DD205C10974B6C00BBB778 /* NSDate+XMLSerializableSupport.h in Headers */,
				D0DD205E10974B6C00BBB778 /* NSDictionary+XMLSerializableSupport.h in Headers */,
				D0DD206010974B6C00BBB778 /* NSNull+XMLSerializableSupport.h in Headers */,
				D0DD206210974B6C00BBB778 /* NSObject+XMLSerializableSupport.h in Headers */,
				D0DD206410974B6C00BBB778 /* NSString+XMLSerializableSupport.h in Headers */,
				D0DD206610974B6C00BBB778 /* XMLSerializable.h in Headers */,
				D0DD206710974B6C00BBB778 /* XMLSerializableSupport.h in Headers */,
				D0DD206810974B6C00BBB778 /* NSNumber+XMLSerializableSupport.h in Headers */,
				D0DD206A10974B6C00BBB778 /* objective_supportAppDelegate.h in Headers */,
				D0DD208B10974C3900BBB778 /* NSObject+TTResource.h in Headers */,
			);
			runOnlyForDeploymentPostprocessing = 0;
		};
/* End PBXHeadersBuildPhase section */

/* Begin PBXNativeTarget section */
		D0A6C5681097458900FAA706 /* TTResourceTests */ = {
			isa = PBXNativeTarget;
			buildConfigurationList = D0A6C56D1097458A00FAA706 /* Build configuration list for PBXNativeTarget "TTResourceTests" */;
			buildPhases = (
				D0A6C5641097458900FAA706 /* Resources */,
				D0A6C5651097458900FAA706 /* Sources */,
				D0A6C5661097458900FAA706 /* Frameworks */,
				D0A6C5671097458900FAA706 /* ShellScript */,
			);
			buildRules = (
			);
			dependencies = (
			);
			name = TTResourceTests;
			productName = TTResourceTests;
			productReference = D0A6C5691097458900FAA706 /* TTResourceTests.octest */;
			productType = "com.apple.product-type.bundle";
		};
		D2AAC07D0554694100DB518D /* TTResource */ = {
			isa = PBXNativeTarget;
			buildConfigurationList = 1DEB921E08733DC00010E9CD /* Build configuration list for PBXNativeTarget "TTResource" */;
			buildPhases = (
				D2AAC07A0554694100DB518D /* Headers */,
				D2AAC07B0554694100DB518D /* Sources */,
				D2AAC07C0554694100DB518D /* Frameworks */,
			);
			buildRules = (
			);
			dependencies = (
				D0A6C561109744BF00FAA706 /* PBXTargetDependency */,
			);
			name = TTResource;
			productName = TTResource;
			productReference = D2AAC07E0554694100DB518D /* libTTResource.a */;
			productType = "com.apple.product-type.library.static";
		};
/* End PBXNativeTarget section */

/* Begin PBXProject section */
		0867D690FE84028FC02AAC07 /* Project object */ = {
			isa = PBXProject;
			buildConfigurationList = 1DEB922208733DC00010E9CD /* Build configuration list for PBXProject "TTResource" */;
			compatibilityVersion = "Xcode 3.1";
			hasScannedForEncodings = 1;
			mainGroup = 0867D691FE84028FC02AAC07 /* TTResource */;
			productRefGroup = 034768DFFF38A50411DB9C8B /* Products */;
			projectDirPath = "";
			projectReferences = (
				{
					ProductGroup = D0A6C54F1097446900FAA706 /* Products */;
					ProjectRef = D0A6C54E1097446900FAA706 /* Three20.xcodeproj */;
				},
			);
			projectRoot = "";
			targets = (
				D2AAC07D0554694100DB518D /* TTResource */,
				D0A6C5681097458900FAA706 /* TTResourceTests */,
			);
		};
/* End PBXProject section */

/* Begin PBXReferenceProxy section */
		D0A6C5561097446900FAA706 /* libThree20.a */ = {
			isa = PBXReferenceProxy;
			fileType = archive.ar;
			path = libThree20.a;
			remoteRef = D0A6C5551097446900FAA706 /* PBXContainerItemProxy */;
			sourceTree = BUILT_PRODUCTS_DIR;
		};
/* End PBXReferenceProxy section */

/* Begin PBXResourcesBuildPhase section */
		D0A6C5641097458900FAA706 /* Resources */ = {
			isa = PBXResourcesBuildPhase;
			buildActionMask = 2147483647;
			files = (
			);
			runOnlyForDeploymentPostprocessing = 0;
		};
/* End PBXResourcesBuildPhase section */

/* Begin PBXShellScriptBuildPhase section */
		D0A6C5671097458900FAA706 /* ShellScript */ = {
			isa = PBXShellScriptBuildPhase;
			buildActionMask = 2147483647;
			files = (
			);
			inputPaths = (
			);
			outputPaths = (
			);
			runOnlyForDeploymentPostprocessing = 0;
			shellPath = /bin/sh;
			shellScript = "# Run the unit tests in this test bundle.\n\"${SYSTEM_DEVELOPER_DIR}/Tools/RunUnitTests\"\n";
		};
/* End PBXShellScriptBuildPhase section */

/* Begin PBXSourcesBuildPhase section */
		D0A6C5651097458900FAA706 /* Sources */ = {
			isa = PBXSourcesBuildPhase;
			buildActionMask = 2147483647;
			files = (
				D0A6C5741097463200FAA706 /* NSObject+TTResourceTests.m in Sources */,
				D0DD201C10974B6C00BBB778 /* NSObject+SBJSON.m in Sources */,
				D0DD201D10974B6C00BBB778 /* NSString+SBJSON.m in Sources */,
				D0DD201E10974B6C00BBB778 /* SBJSON.m in Sources */,
				D0DD201F10974B6C00BBB778 /* NSString+InflectionSupport.m in Sources */,
				D0DD202010974B6C00BBB778 /* NSData+Additions.m in Sources */,
				D0DD202110974B6C00BBB778 /* NSObject+PropertySupport.m in Sources */,
				D0DD202210974B6C00BBB778 /* NSString+GSub.m in Sources */,
				D0DD202310974B6C00BBB778 /* ObjectiveResourceDateFormatter.m in Sources */,
				D0DD202410974B6C00BBB778 /* NSArray+JSONSerializableSupport.m in Sources */,
				D0DD202510974B6C00BBB778 /* NSDictionary+JSONSerializableSupport.m in Sources */,
				D0DD202610974B6C00BBB778 /* NSObject+JSONSerializableSupport.m in Sources */,
				D0DD202710974B6C00BBB778 /* NSDate+Serialize.m in Sources */,
				D0DD202810974B6C00BBB778 /* NSDictionary+KeyTranslation.m in Sources */,
				D0DD202910974B6C00BBB778 /* NSObject+Serialize.m in Sources */,
				D0DD202A10974B6C00BBB778 /* NSString+Serialize.m in Sources */,
				D0DD202B10974B6C00BBB778 /* FromXMLElementDelegate.m in Sources */,
				D0DD202C10974B6C00BBB778 /* NSArray+XMLSerializableSupport.m in Sources */,
				D0DD202D10974B6C00BBB778 /* NSDate+XMLSerializableSupport.m in Sources */,
				D0DD202E10974B6C00BBB778 /* NSDictionary+XMLSerializableSupport.m in Sources */,
				D0DD202F10974B6C00BBB778 /* NSNull+XMLSerializableSupport.m in Sources */,
				D0DD203010974B6C00BBB778 /* NSObject+XMLSerializableSupport.m in Sources */,
				D0DD203110974B6C00BBB778 /* NSString+XMLSerializableSupport.m in Sources */,
				D0DD203210974B6C00BBB778 /* NSNumber+XMLSerializableSupport.m in Sources */,
				D0DD203310974B6C00BBB778 /* objective_supportAppDelegate.m in Sources */,
				D0DD208A10974C3900BBB778 /* NSObject+TTResource.m in Sources */,
			);
			runOnlyForDeploymentPostprocessing = 0;
		};
		D2AAC07B0554694100DB518D /* Sources */ = {
			isa = PBXSourcesBuildPhase;
			buildActionMask = 2147483647;
			files = (
				D0DD203610974B6C00BBB778 /* NSObject+SBJSON.m in Sources */,
				D0DD203810974B6C00BBB778 /* NSString+SBJSON.m in Sources */,
				D0DD203A10974B6C00BBB778 /* SBJSON.m in Sources */,
				D0DD203D10974B6C00BBB778 /* NSString+InflectionSupport.m in Sources */,
				D0DD203F10974B6C00BBB778 /* NSData+Additions.m in Sources */,
				D0DD204110974B6C00BBB778 /* NSObject+PropertySupport.m in Sources */,
				D0DD204310974B6C00BBB778 /* NSString+GSub.m in Sources */,
				D0DD204510974B6C00BBB778 /* ObjectiveResourceDateFormatter.m in Sources */,
				D0DD204810974B6C00BBB778 /* NSArray+JSONSerializableSupport.m in Sources */,
				D0DD204C10974B6C00BBB778 /* NSDictionary+JSONSerializableSupport.m in Sources */,
				D0DD204E10974B6C00BBB778 /* NSObject+JSONSerializableSupport.m in Sources */,
				D0DD205010974B6C00BBB778 /* NSDate+Serialize.m in Sources */,
				D0DD205210974B6C00BBB778 /* NSDictionary+KeyTranslation.m in Sources */,
				D0DD205410974B6C00BBB778 /* NSObject+Serialize.m in Sources */,
				D0DD205610974B6C00BBB778 /* NSString+Serialize.m in Sources */,
				D0DD205910974B6C00BBB778 /* FromXMLElementDelegate.m in Sources */,
				D0DD205B10974B6C00BBB778 /* NSArray+XMLSerializableSupport.m in Sources */,
				D0DD205D10974B6C00BBB778 /* NSDate+XMLSerializableSupport.m in Sources */,
				D0DD205F10974B6C00BBB778 /* NSDictionary+XMLSerializableSupport.m in Sources */,
				D0DD206110974B6C00BBB778 /* NSNull+XMLSerializableSupport.m in Sources */,
				D0DD206310974B6C00BBB778 /* NSObject+XMLSerializableSupport.m in Sources */,
				D0DD206510974B6C00BBB778 /* NSString+XMLSerializableSupport.m in Sources */,
				D0DD206910974B6C00BBB778 /* NSNumber+XMLSerializableSupport.m in Sources */,
				D0DD206B10974B6C00BBB778 /* objective_supportAppDelegate.m in Sources */,
				D0DD208C10974C3900BBB778 /* NSObject+TTResource.m in Sources */,
			);
			runOnlyForDeploymentPostprocessing = 0;
		};
/* End PBXSourcesBuildPhase section */

/* Begin PBXTargetDependency section */
		D0A6C561109744BF00FAA706 /* PBXTargetDependency */ = {
			isa = PBXTargetDependency;
			name = Three20;
			targetProxy = D0A6C560109744BF00FAA706 /* PBXContainerItemProxy */;
		};
/* End PBXTargetDependency section */

/* Begin XCBuildConfiguration section */
		1DEB921F08733DC00010E9CD /* Debug */ = {
			isa = XCBuildConfiguration;
			buildSettings = {
				ALWAYS_SEARCH_USER_PATHS = NO;
				ARCHS = "$(ARCHS_STANDARD_32_BIT)";
				COPY_PHASE_STRIP = NO;
				DSTROOT = /tmp/TTResource.dst;
				GCC_DYNAMIC_NO_PIC = NO;
				GCC_ENABLE_FIX_AND_CONTINUE = YES;
				GCC_MODEL_TUNING = G5;
				GCC_OPTIMIZATION_LEVEL = 0;
				GCC_PRECOMPILE_PREFIX_HEADER = YES;
				GCC_PREFIX_HEADER = TTResource_Prefix.pch;
				HEADER_SEARCH_PATHS = ../vendor/three20/src;
				INSTALL_PATH = /usr/local/lib;
				OTHER_LDFLAGS = (
					"-all_load",
					"-ObjC",
				);
				PRODUCT_NAME = TTResource;
			};
			name = Debug;
		};
		1DEB922008733DC00010E9CD /* Release */ = {
			isa = XCBuildConfiguration;
			buildSettings = {
				ALWAYS_SEARCH_USER_PATHS = NO;
				ARCHS = "$(ARCHS_STANDARD_32_BIT)";
				DSTROOT = /tmp/TTResource.dst;
				GCC_MODEL_TUNING = G5;
				GCC_PRECOMPILE_PREFIX_HEADER = YES;
				GCC_PREFIX_HEADER = TTResource_Prefix.pch;
				HEADER_SEARCH_PATHS = ../vendor/three20/src;
				INSTALL_PATH = /usr/local/lib;
				OTHER_LDFLAGS = (
					"-all_load",
					"-ObjC",
				);
				PRODUCT_NAME = TTResource;
			};
			name = Release;
		};
		1DEB922308733DC00010E9CD /* Debug */ = {
			isa = XCBuildConfiguration;
			buildSettings = {
				ARCHS = "$(ARCHS_STANDARD_32_BIT)";
				GCC_C_LANGUAGE_STANDARD = c99;
				GCC_OPTIMIZATION_LEVEL = 0;
				GCC_WARN_ABOUT_RETURN_TYPE = YES;
				GCC_WARN_UNUSED_VARIABLE = YES;
				OTHER_LDFLAGS = "-ObjC";
				PREBINDING = NO;
				SDKROOT = iphoneos3.1.2;
			};
			name = Debug;
		};
		1DEB922408733DC00010E9CD /* Release */ = {
			isa = XCBuildConfiguration;
			buildSettings = {
				ARCHS = "$(ARCHS_STANDARD_32_BIT)";
				GCC_C_LANGUAGE_STANDARD = c99;
				GCC_WARN_ABOUT_RETURN_TYPE = YES;
				GCC_WARN_UNUSED_VARIABLE = YES;
				OTHER_LDFLAGS = "-ObjC";
				PREBINDING = NO;
				SDKROOT = iphoneos3.1.2;
			};
			name = Release;
		};
		D0A6C56B1097458A00FAA706 /* Debug */ = {
			isa = XCBuildConfiguration;
			buildSettings = {
				ALWAYS_SEARCH_USER_PATHS = NO;
				COPY_PHASE_STRIP = NO;
				FRAMEWORK_SEARCH_PATHS = (
					"\"$(SDKROOT)/Developer/Library/Frameworks\"",
					"\"$(DEVELOPER_LIBRARY_DIR)/Frameworks\"",
				);
				GCC_DYNAMIC_NO_PIC = NO;
				GCC_ENABLE_FIX_AND_CONTINUE = NO;
				GCC_ENABLE_OBJC_EXCEPTIONS = YES;
				GCC_OPTIMIZATION_LEVEL = 0;
				INFOPLIST_FILE = "TTResourceTests-Info.plist";
				OTHER_LDFLAGS = (
					"-framework",
					Foundation,
					"-framework",
					SenTestingKit,
					"-framework",
					UIKit,
				);
				PREBINDING = NO;
				PRODUCT_NAME = TTResourceTests;
				WRAPPER_EXTENSION = octest;
			};
			name = Debug;
		};
		D0A6C56C1097458A00FAA706 /* Release */ = {
			isa = XCBuildConfiguration;
			buildSettings = {
				ALWAYS_SEARCH_USER_PATHS = NO;
				COPY_PHASE_STRIP = YES;
				DEBUG_INFORMATION_FORMAT = "dwarf-with-dsym";
				FRAMEWORK_SEARCH_PATHS = (
					"\"$(SDKROOT)/Developer/Library/Frameworks\"",
					"\"$(DEVELOPER_LIBRARY_DIR)/Frameworks\"",
				);
				GCC_ENABLE_FIX_AND_CONTINUE = NO;
				GCC_ENABLE_OBJC_EXCEPTIONS = YES;
				INFOPLIST_FILE = "TTResourceTests-Info.plist";
				OTHER_LDFLAGS = (
					"-framework",
					Foundation,
					"-framework",
					SenTestingKit,
					"-framework",
					UIKit,
				);
				PREBINDING = NO;
				PRODUCT_NAME = TTResourceTests;
				WRAPPER_EXTENSION = octest;
				ZERO_LINK = NO;
			};
			name = Release;
		};
/* End XCBuildConfiguration section */

/* Begin XCConfigurationList section */
		1DEB921E08733DC00010E9CD /* Build configuration list for PBXNativeTarget "TTResource" */ = {
			isa = XCConfigurationList;
			buildConfigurations = (
				1DEB921F08733DC00010E9CD /* Debug */,
				1DEB922008733DC00010E9CD /* Release */,
			);
			defaultConfigurationIsVisible = 0;
			defaultConfigurationName = Release;
		};
		1DEB922208733DC00010E9CD /* Build configuration list for PBXProject "TTResource" */ = {
			isa = XCConfigurationList;
			buildConfigurations = (
				1DEB922308733DC00010E9CD /* Debug */,
				1DEB922408733DC00010E9CD /* Release */,
			);
			defaultConfigurationIsVisible = 0;
			defaultConfigurationName = Release;
		};
		D0A6C56D1097458A00FAA706 /* Build configuration list for PBXNativeTarget "TTResourceTests" */ = {
			isa = XCConfigurationList;
			buildConfigurations = (
				D0A6C56B1097458A00FAA706 /* Debug */,
				D0A6C56C1097458A00FAA706 /* Release */,
			);
			defaultConfigurationIsVisible = 0;
			defaultConfigurationName = Release;
		};
/* End XCConfigurationList section */
	};
	rootObject = 0867D690FE84028FC02AAC07 /* Project object */;
}
